
Microsoft Visual Studio Solution File, Format Version 12.00
# Visual Studio 15
VisualStudioVersion = 15.0.27004.2009
MinimumVisualStudioVersion = 10.0.40219.1
Project("{8BC9CEB8-8B4A-11D0-8D11-00A0C91BC942}") = "FileUpload_Five_seveN", "FileUpload_Five_seveN\FileUpload_Five_seveN.vcxproj", "{DDEFE6F0-39A9-4081-8481-C8214AF7D7FE}"
EndProject
Global
	GlobalSection(SolutionConfigurationPlatforms) = preSolution
		Debug|x64 = Debug|x64
		Debug|x86 = Debug|x86
		Release|x64 = Release|x64
		Release|x86 = Release|x86
	EndGlobalSection
	GlobalSection(ProjectConfigurationPlatforms) = postSolution
		{DDEFE6F0-39A9-4081-8481-C8214AF7D7FE}.Debug|x64.ActiveCfg = Debug|x64
		{DDEFE6F0-39A9-4081-8481-C8214AF7D7FE}.Debug|x64.Build.0 = Debug|x64
		{DDEFE6F0-39A9-4081-8481-C8214AF7D7FE}.Debug|x86.ActiveCfg = Debug|Win32
		{DDEFE6F0-39A9-4081-8481-C8214AF7D7FE}.Debug|x86.Build.0 = Debug|Win32
		{DDEFE6F0-39A9-4081-8481-C8214AF7D7FE}.Release|x64.ActiveCfg = Release|x64
		{DDEFE6F0-39A9-4081-8481-C8214AF7D7FE}.Release|x64.Build.0 = Release|x64
		{DDEFE6F0-39A9-4081-8481-C8214AF7D7FE}.Release|x86.ActiveCfg = Release|Win32
		{DDEFE6F0-39A9-4081-8481-C8214AF7D7FE}.Release|x86.Build.0 = Release|Win32
	EndGlobalSection
	GlobalSection(SolutionProperties) = preSolution
		HideSolutionNode = FALSE
	EndGlobalSection
	GlobalSection(ExtensibilityGlobals) = postSolution
		SolutionGuid = {41D3C047-F8E0-4D6A-93C4-4DBCC6B51298}
	EndGlobalSection
EndGlobal
